// !$*UTF8*$!
{
	archiveVersion = 1;
	classes = {
	};
	objectVersion = 77;
	objects = {

/* Begin PBXBuildFile section */
		06B20F27947BBF2559A2A982 /* AssistantPreview.swift in Sources */ = {isa = PBXBuildFile; fileRef = 9D4E99AEE8642626D8FD9843 /* AssistantPreview.swift */; };
		08A2F61153C0221F74B49988 /* RemoteTerminalReader.swift in Sources */ = {isa = PBXBuildFile; fileRef = 4B67F2E9259E05DBACEB7F04 /* RemoteTerminalReader.swift */; };
		1022DB6F1FD8E58702E505B4 /* AssistantChatComposer.swift in Sources */ = {isa = PBXBuildFile; fileRef = 193E817EE91878630342FBFE /* AssistantChatComposer.swift */; };
		12BA298BF1ED630AADFF8002 /* ResearchSupervisorView.swift in Sources */ = {isa = PBXBuildFile; fileRef = 482370CE69CA78C83DA3EB3A /* ResearchSupervisorView.swift */; };
		187E31F4AF200A700830399F /* RemoteTerminalWindowGroups.swift in Sources */ = {isa = PBXBuildFile; fileRef = E4B71B55085B2C1EE623A070 /* RemoteTerminalWindowGroups.swift */; };
		1A308337EBE5F90AF0C5DD19 /* ClawDadRemoteAssistProtocol in Frameworks */ = {isa = PBXBuildFile; productRef = 3E041F6ED9B6E45F5F37F06A /* ClawDadRemoteAssistProtocol */; };
		248200D1744AEEF21347032F /* WeeklyUsage.swift in Sources */ = {isa = PBXBuildFile; fileRef = 829424EA1773E56062EF9191 /* WeeklyUsage.swift */; };
		275FAABA58CF0436EC6D32FB /* Assets.xcassets in Resources */ = {isa = PBXBuildFile; fileRef = 471CC1C676A805963BAF2F99 /* Assets.xcassets */; };
		2EFAB0BA46EC3D36BAF2E9A0 /* MobileNotifications.swift in Sources */ = {isa = PBXBuildFile; fileRef = 97E3CAB4A99E84BAFA945FA2 /* MobileNotifications.swift */; };
		3031C85399B84CB186BBF471 /* AssistantMessageLinks.swift in Sources */ = {isa = PBXBuildFile; fileRef = 9A6015610A23A073B93087F9 /* AssistantMessageLinks.swift */; };
		39F7EDBB4973CC068AC0E2F3 /* RemoteSpeechControls.swift in Sources */ = {isa = PBXBuildFile; fileRef = 89C609AE055F4F4C09202552 /* RemoteSpeechControls.swift */; };
		3B51519C1804A2B28C237997 /* CloudModels.swift in Sources */ = {isa = PBXBuildFile; fileRef = 395E23F4DD2363BA0762CE4C /* CloudModels.swift */; };
		3CA091886654915398868F62 /* CloudClient.swift in Sources */ = {isa = PBXBuildFile; fileRef = FD8DD24D34A3F29E43308A65 /* CloudClient.swift */; };
		3CE919B6795B0B61BEFEA9D0 /* RemoteSpeechPreviewHost.swift in Sources */ = {isa = PBXBuildFile; fileRef = 7A3BE7EC4AB5DE28F2E8E4EF /* RemoteSpeechPreviewHost.swift */; };
		4004BF2CF15494DE5009C531 /* RemoteTerminalTabList.swift in Sources */ = {isa = PBXBuildFile; fileRef = 1CBE9BB9E28B2AADC9243157 /* RemoteTerminalTabList.swift */; };
		440116216875B1F091CF1DD0 /* RemoteControlCaption.swift in Sources */ = {isa = PBXBuildFile; fileRef = 2B3B199884AD35B9B464E268 /* RemoteControlCaption.swift */; };
		4B8486AF185F753ECC9CEEAB /* AssistantChatHistory.swift in Sources */ = {isa = PBXBuildFile; fileRef = 94B4A2B3E7413BD14542E9DE /* AssistantChatHistory.swift */; };
		4CA1BBCCF6A50D70B8EAA6FE /* FilesLibraryView.swift in Sources */ = {isa = PBXBuildFile; fileRef = 21A33EE26BF9BD9F84918E9F /* FilesLibraryView.swift */; };
		4D1C0FA879A0AA478DD90B11 /* SubscriptionManager.swift in Sources */ = {isa = PBXBuildFile; fileRef = 8960C1531C592BD814505199 /* SubscriptionManager.swift */; };
		4DCD11D7065D315AEF5D4EEB /* MobileFilesPreview.swift in Sources */ = {isa = PBXBuildFile; fileRef = A01E4E35032819166F419843 /* MobileFilesPreview.swift */; };
		5236A640231EA2C1D890376C /* MobileAudioSession.swift in Sources */ = {isa = PBXBuildFile; fileRef = 7DB814BD7925748F246B8403 /* MobileAudioSession.swift */; };
		56EF99A6A81803612A197F35 /* AssistantSelectionTests.swift in Sources */ = {isa = PBXBuildFile; fileRef = 3C15990DDFC25B773D88B996 /* AssistantSelectionTests.swift */; };
		5824DECA28893606C0602B37 /* AssistantCaptureBoundary.swift in Sources */ = {isa = PBXBuildFile; fileRef = 82CD0587ABF14D7FC118DB37 /* AssistantCaptureBoundary.swift */; };
		5E284EB34B785FE94456B3F2 /* WebRTC in Frameworks */ = {isa = PBXBuildFile; productRef = EC6B0B1F96EDC323DAEF47E1 /* WebRTC */; };
		668F2D87898C9F8E041AB83E /* AssistantVoiceTranscription.swift in Sources */ = {isa = PBXBuildFile; fileRef = 658C2545BFF09ADE9DFDD902 /* AssistantVoiceTranscription.swift */; };
		6EF3DA15AB6D72CF82769244 /* RemoteImageControls.swift in Sources */ = {isa = PBXBuildFile; fileRef = B8D58EFA993E7A1DF2232B2C /* RemoteImageControls.swift */; };
		717EF4B47E469AB10F5D1E58 /* AssistantVoiceTurn.swift in Sources */ = {isa = PBXBuildFile; fileRef = D9A446032B25104E6A1BFFEB /* AssistantVoiceTurn.swift */; };
		7528DEE2F3D0A122F71E8C32 /* MobileFileExport.swift in Sources */ = {isa = PBXBuildFile; fileRef = 83005EBBAE60D00DFFF52D33 /* MobileFileExport.swift */; };
		7695559828A1EB5AFE19317C /* AssistantConnection.swift in Sources */ = {isa = PBXBuildFile; fileRef = 99C468715F6ABFF27CB4041C /* AssistantConnection.swift */; };
		7751604101BB979587499134 /* VoiceRecorder.swift in Sources */ = {isa = PBXBuildFile; fileRef = 8F34770E78861322677F1C3C /* VoiceRecorder.swift */; };
		790F723DF6F713A6DFC6D572 /* ClawDadFileTransport in Frameworks */ = {isa = PBXBuildFile; productRef = 84BA80B2B0BC5779C92A402A /* ClawDadFileTransport */; };
		798B9DC6C3FE54E4C34FF512 /* RemoteTerminalCloseIntent.swift in Sources */ = {isa = PBXBuildFile; fileRef = 8AD474B9C5025C1E3B07688E /* RemoteTerminalCloseIntent.swift */; };
		836D0BEEDB207BA0D7163DE8 /* AssistantAudioDiagnostics.swift in Sources */ = {isa = PBXBuildFile; fileRef = C0F7E6B29B4820AAB88ABF58 /* AssistantAudioDiagnostics.swift */; };
		854A5AC2401B066B721E86D2 /* ClawDadMobileUITests.swift in Sources */ = {isa = PBXBuildFile; fileRef = 11E193EDE43AF5D11AADF538 /* ClawDadMobileUITests.swift */; };
		86672FB78F0A99921FF625EB /* AssistantMicrophoneConfirmation.swift in Sources */ = {isa = PBXBuildFile; fileRef = 6FF0AAFFEE2B3F518ABC947D /* AssistantMicrophoneConfirmation.swift */; };
		8A0DDACD490ED6B80E4A30CA /* QRScannerView.swift in Sources */ = {isa = PBXBuildFile; fileRef = 26AABBF8F4DF0D8B38BF9365 /* QRScannerView.swift */; };
		92590FA64F260AD34017423B /* AssistantListeningInput.swift in Sources */ = {isa = PBXBuildFile; fileRef = 10F1B258EA5FA2916837629C /* AssistantListeningInput.swift */; };
		930C8384655B365B43D6B7D6 /* PairedComputer.swift in Sources */ = {isa = PBXBuildFile; fileRef = A248092D559C4CD1B15AECEC /* PairedComputer.swift */; };
		9FAEDA464727521A0D77839C /* RemoteAssist.swift in Sources */ = {isa = PBXBuildFile; fileRef = AA4FB03C06FF3E3F780BF6B2 /* RemoteAssist.swift */; };
		A108218C025FA0193F36DE60 /* VoiceSettings.swift in Sources */ = {isa = PBXBuildFile; fileRef = 088F57A9C660D2D5A01BEF9B /* VoiceSettings.swift */; };
		A16430EEB828FE766B76BAE1 /* AssistantMicrophoneState.swift in Sources */ = {isa = PBXBuildFile; fileRef = 29F575EC9D8D541AD658DF6B /* AssistantMicrophoneState.swift */; };
		A579349CC92C8C0E2A9E2C21 /* AssistantUITests.swift in Sources */ = {isa = PBXBuildFile; fileRef = 517D29CD52F468A0EE7BA82F /* AssistantUITests.swift */; };
		AB9E3EA912AF86012C19E96F /* DeviceIdentity.swift in Sources */ = {isa = PBXBuildFile; fileRef = 9EF3E28FFA532EBF14FEAF8B /* DeviceIdentity.swift */; };
		B099B7C46FB342BFB8A80C77 /* RemoteQuickChat.swift in Sources */ = {isa = PBXBuildFile; fileRef = 061444F36751011C7753FD06 /* RemoteQuickChat.swift */; };
		B1B8CC3DCD795B5AC6B1BC36 /* RemoteImageTransfer.swift in Sources */ = {isa = PBXBuildFile; fileRef = BE33916CC85A1B24B0C5A55E /* RemoteImageTransfer.swift */; };
		BAF5EBCEF8B664119E1F14BA /* RemoteAssistIconGlossary.swift in Sources */ = {isa = PBXBuildFile; fileRef = C0D5CBF6032351E28CD2AEF5 /* RemoteAssistIconGlossary.swift */; };
		BF46A08D3F06D8FF71B9D210 /* MobileFiles.swift in Sources */ = {isa = PBXBuildFile; fileRef = 33B53FE2D8E9ADBA82728DA2 /* MobileFiles.swift */; };
		BF951FE4C7753B69F9EDFFE7 /* AssistantCaptureRecovery.swift in Sources */ = {isa = PBXBuildFile; fileRef = 7E1742773FEE684AF62701C4 /* AssistantCaptureRecovery.swift */; };
		C3944C0556BE915A23DFD01D /* AssistantChatDraft.swift in Sources */ = {isa = PBXBuildFile; fileRef = 8E624474D662739AE0389B11 /* AssistantChatDraft.swift */; };
		C94E7212185A49D92DA02824 /* MobileAssistant.swift in Sources */ = {isa = PBXBuildFile; fileRef = E9F3B8E8409978BFFE0C10D1 /* MobileAssistant.swift */; };
		DA856C77B9663DCAB80C7092 /* AssistantAudio.swift in Sources */ = {isa = PBXBuildFile; fileRef = 3286351CBEADFC96A79F1EE4 /* AssistantAudio.swift */; };
		DF96F6052BD8A379003C658D /* AssistantReplyAudio.swift in Sources */ = {isa = PBXBuildFile; fileRef = 6C8B178EFE4C52CC4F261077 /* AssistantReplyAudio.swift */; };
		EA31CFC4A3254B9DD470160E /* AssistantSelectableText.swift in Sources */ = {isa = PBXBuildFile; fileRef = 31F8E430E715C3D274D33CFA /* AssistantSelectableText.swift */; };
		EDA340FC5A4C8FDF0090ABB0 /* RemoteImagePreparation.swift in Sources */ = {isa = PBXBuildFile; fileRef = D70593B6087D12EBB653329D /* RemoteImagePreparation.swift */; };
		F07EBA06FDF3D4509727718D /* RemoteDictationDraft.swift in Sources */ = {isa = PBXBuildFile; fileRef = 35C55DF601F5D3D9ABD04556 /* RemoteDictationDraft.swift */; };
		F7211DC300102D784A05D5D1 /* ContentView.swift in Sources */ = {isa = PBXBuildFile; fileRef = 3B8CED3140E0C0FA87EA0782 /* ContentView.swift */; };
		F7A0CB9BD53C56989F8EA24A /* AssistantImageUpload.swift in Sources */ = {isa = PBXBuildFile; fileRef = 19EE4C738B3B5065E4CF4B99 /* AssistantImageUpload.swift */; };
		FDBB6FDF3DE4BE0AA407E4F7 /* ClawDadMobileApp.swift in Sources */ = {isa = PBXBuildFile; fileRef = D668F2D2DA41C5EF31F820B0 /* ClawDadMobileApp.swift */; };
		FDF87A63AB6BE997E8422599 /* PasskeyRequests.swift in Sources */ = {isa = PBXBuildFile; fileRef = 930A750132AFE74E66A35E11 /* PasskeyRequests.swift */; };
		FF0A3F9F33A94874E1F92846 /* AppAttestClient.swift in Sources */ = {isa = PBXBuildFile; fileRef = 147A8BFF03CEDB70896BAB51 /* AppAttestClient.swift */; };
/* End PBXBuildFile section */

/* Begin PBXContainerItemProxy section */
		370D0D4A6025F4A66FA628B4 /* PBXContainerItemProxy */ = {
			isa = PBXContainerItemProxy;
			containerPortal = AA5BF30FF55D73FAA80DFC4F /* Project object */;
			proxyType = 1;
			remoteGlobalIDString = 8F796CDC540022A7053C796F;
			remoteInfo = ClawDadMobile;
		};
		77BC2534AFBD579E3828C4C7 /* PBXContainerItemProxy */ = {
			isa = PBXContainerItemProxy;
			containerPortal = AA5BF30FF55D73FAA80DFC4F /* Project object */;
			proxyType = 1;
			remoteGlobalIDString = 8F796CDC540022A7053C796F;
			remoteInfo = ClawDadMobile;
		};
/* End PBXContainerItemProxy section */

/* Begin PBXFileReference section */
		00CEB08E4894CB9B2E7A559B /* ClawDadMobile.entitlements */ = {isa = PBXFileReference; lastKnownFileType = text.plist.entitlements; path = ClawDadMobile.entitlements; sourceTree = "<group>"; };
		03F34ABFFB51FC546D105D8F /* ClawDadMobileUITests.xctest */ = {isa = PBXFileReference; includeInIndex = 0; lastKnownFileType = wrapper.cfbundle; path = ClawDadMobileUITests.xctest; sourceTree = BUILT_PRODUCTS_DIR; };
		061444F36751011C7753FD06 /* RemoteQuickChat.swift */ = {isa = PBXFileReference; lastKnownFileType = sourcecode.swift; path = RemoteQuickChat.swift; sourceTree = "<group>"; };
		088F57A9C660D2D5A01BEF9B /* VoiceSettings.swift */ = {isa = PBXFileReference; lastKnownFileType = sourcecode.swift; path = VoiceSettings.swift; sourceTree = "<group>"; };
		10F1B258EA5FA2916837629C /* AssistantListeningInput.swift */ = {isa = PBXFileReference; lastKnownFileType = sourcecode.swift; path = AssistantListeningInput.swift; sourceTree = "<group>"; };
		11E193EDE43AF5D11AADF538 /* ClawDadMobileUITests.swift */ = {isa = PBXFileReference; lastKnownFileType = sourcecode.swift; path = ClawDadMobileUITests.swift; sourceTree = "<group>"; };
		147A8BFF03CEDB70896BAB51 /* AppAttestClient.swift */ = {isa = PBXFileReference; lastKnownFileType = sourcecode.swift; path = AppAttestClient.swift; sourceTree = "<group>"; };
		193E817EE91878630342FBFE /* AssistantChatComposer.swift */ = {isa = PBXFileReference; lastKnownFileType = sourcecode.swift; path = AssistantChatComposer.swift; sourceTree = "<group>"; };
		19EE4C738B3B5065E4CF4B99 /* AssistantImageUpload.swift */ = {isa = PBXFileReference; lastKnownFileType = sourcecode.swift; path = AssistantImageUpload.swift; sourceTree = "<group>"; };
		1C8EA67C2D88980A87BDCFA9 /* ClawDadMobile.app */ = {isa = PBXFileReference; includeInIndex = 0; lastKnownFileType = wrapper.application; path = ClawDadMobile.app; sourceTree = BUILT_PRODUCTS_DIR; };
		1CBE9BB9E28B2AADC9243157 /* RemoteTerminalTabList.swift */ = {isa = PBXFileReference; lastKnownFileType = sourcecode.swift; path = RemoteTerminalTabList.swift; sourceTree = "<group>"; };
		21A33EE26BF9BD9F84918E9F /* FilesLibraryView.swift */ = {isa = PBXFileReference; lastKnownFileType = sourcecode.swift; path = FilesLibraryView.swift; sourceTree = "<group>"; };
		26AABBF8F4DF0D8B38BF9365 /* QRScannerView.swift */ = {isa = PBXFileReference; lastKnownFileType = sourcecode.swift; path = QRScannerView.swift; sourceTree = "<group>"; };
		29F575EC9D8D541AD658DF6B /* AssistantMicrophoneState.swift */ = {isa = PBXFileReference; lastKnownFileType = sourcecode.swift; path = AssistantMicrophoneState.swift; sourceTree = "<group>"; };
		2B3B199884AD35B9B464E268 /* RemoteControlCaption.swift */ = {isa = PBXFileReference; lastKnownFileType = sourcecode.swift; path = RemoteControlCaption.swift; sourceTree = "<group>"; };
		31F8E430E715C3D274D33CFA /* AssistantSelectableText.swift */ = {isa = PBXFileReference; lastKnownFileType = sourcecode.swift; path = AssistantSelectableText.swift; sourceTree = "<group>"; };
		3286351CBEADFC96A79F1EE4 /* AssistantAudio.swift */ = {isa = PBXFileReference; lastKnownFileType = sourcecode.swift; path = AssistantAudio.swift; sourceTree = "<group>"; };
		33B53FE2D8E9ADBA82728DA2 /* MobileFiles.swift */ = {isa = PBXFileReference; lastKnownFileType = sourcecode.swift; path = MobileFiles.swift; sourceTree = "<group>"; };
		35C55DF601F5D3D9ABD04556 /* RemoteDictationDraft.swift */ = {isa = PBXFileReference; lastKnownFileType = sourcecode.swift; path = RemoteDictationDraft.swift; sourceTree = "<group>"; };
		395E23F4DD2363BA0762CE4C /* CloudModels.swift */ = {isa = PBXFileReference; lastKnownFileType = sourcecode.swift; path = CloudModels.swift; sourceTree = "<group>"; };
		3B8CED3140E0C0FA87EA0782 /* ContentView.swift */ = {isa = PBXFileReference; lastKnownFileType = sourcecode.swift; path = ContentView.swift; sourceTree = "<group>"; };
		3C15990DDFC25B773D88B996 /* AssistantSelectionTests.swift */ = {isa = PBXFileReference; lastKnownFileType = sourcecode.swift; path = AssistantSelectionTests.swift; sourceTree = "<group>"; };
		471CC1C676A805963BAF2F99 /* Assets.xcassets */ = {isa = PBXFileReference; lastKnownFileType = folder.assetcatalog; path = Assets.xcassets; sourceTree = "<group>"; };
		47DAEBD8C630AA5DA4CC104A /* WebRTCPackage */ = {isa = PBXFileReference; lastKnownFileType = folder; name = WebRTCPackage; path = ../../../vendor/WebRTCPackage; sourceTree = SOURCE_ROOT; };
		482370CE69CA78C83DA3EB3A /* ResearchSupervisorView.swift */ = {isa = PBXFileReference; lastKnownFileType = sourcecode.swift; path = ResearchSupervisorView.swift; sourceTree = "<group>"; };
		4B67F2E9259E05DBACEB7F04 /* RemoteTerminalReader.swift */ = {isa = PBXFileReference; lastKnownFileType = sourcecode.swift; path = RemoteTerminalReader.swift; sourceTree = "<group>"; };
		517D29CD52F468A0EE7BA82F /* AssistantUITests.swift */ = {isa = PBXFileReference; lastKnownFileType = sourcecode.swift; path = AssistantUITests.swift; sourceTree = "<group>"; };
		5608CCFFADA408C88A836628 /* ClawDadSelectionTests.xctest */ = {isa = PBXFileReference; includeInIndex = 0; lastKnownFileType = wrapper.cfbundle; path = ClawDadSelectionTests.xctest; sourceTree = BUILT_PRODUCTS_DIR; };
		658C2545BFF09ADE9DFDD902 /* AssistantVoiceTranscription.swift */ = {isa = PBXFileReference; lastKnownFileType = sourcecode.swift; path = AssistantVoiceTranscription.swift; sourceTree = "<group>"; };
		6C8B178EFE4C52CC4F261077 /* AssistantReplyAudio.swift */ = {isa = PBXFileReference; lastKnownFileType = sourcecode.swift; path = AssistantReplyAudio.swift; sourceTree = "<group>"; };
		6FF0AAFFEE2B3F518ABC947D /* AssistantMicrophoneConfirmation.swift */ = {isa = PBXFileReference; lastKnownFileType = sourcecode.swift; path = AssistantMicrophoneConfirmation.swift; sourceTree = "<group>"; };
		7A3BE7EC4AB5DE28F2E8E4EF /* RemoteSpeechPreviewHost.swift */ = {isa = PBXFileReference; lastKnownFileType = sourcecode.swift; path = RemoteSpeechPreviewHost.swift; sourceTree = "<group>"; };
		7DB814BD7925748F246B8403 /* MobileAudioSession.swift */ = {isa = PBXFileReference; lastKnownFileType = sourcecode.swift; path = MobileAudioSession.swift; sourceTree = "<group>"; };
		7E1742773FEE684AF62701C4 /* AssistantCaptureRecovery.swift */ = {isa = PBXFileReference; lastKnownFileType = sourcecode.swift; path = AssistantCaptureRecovery.swift; sourceTree = "<group>"; };
		829424EA1773E56062EF9191 /* WeeklyUsage.swift */ = {isa = PBXFileReference; lastKnownFileType = sourcecode.swift; path = WeeklyUsage.swift; sourceTree = "<group>"; };
		82CD0587ABF14D7FC118DB37 /* AssistantCaptureBoundary.swift */ = {isa = PBXFileReference; lastKnownFileType = sourcecode.swift; path = AssistantCaptureBoundary.swift; sourceTree = "<group>"; };
		83005EBBAE60D00DFFF52D33 /* MobileFileExport.swift */ = {isa = PBXFileReference; lastKnownFileType = sourcecode.swift; path = MobileFileExport.swift; sourceTree = "<group>"; };
		8960C1531C592BD814505199 /* SubscriptionManager.swift */ = {isa = PBXFileReference; lastKnownFileType = sourcecode.swift; path = SubscriptionManager.swift; sourceTree = "<group>"; };
		89C609AE055F4F4C09202552 /* RemoteSpeechControls.swift */ = {isa = PBXFileReference; lastKnownFileType = sourcecode.swift; path = RemoteSpeechControls.swift; sourceTree = "<group>"; };
		8AD474B9C5025C1E3B07688E /* RemoteTerminalCloseIntent.swift */ = {isa = PBXFileReference; lastKnownFileType = sourcecode.swift; path = RemoteTerminalCloseIntent.swift; sourceTree = "<group>"; };
		8E624474D662739AE0389B11 /* AssistantChatDraft.swift */ = {isa = PBXFileReference; lastKnownFileType = sourcecode.swift; path = AssistantChatDraft.swift; sourceTree = "<group>"; };
		8F34770E78861322677F1C3C /* VoiceRecorder.swift */ = {isa = PBXFileReference; lastKnownFileType = sourcecode.swift; path = VoiceRecorder.swift; sourceTree = "<group>"; };
		930A750132AFE74E66A35E11 /* PasskeyRequests.swift */ = {isa = PBXFileReference; lastKnownFileType = sourcecode.swift; path = PasskeyRequests.swift; sourceTree = "<group>"; };
		94B4A2B3E7413BD14542E9DE /* AssistantChatHistory.swift */ = {isa = PBXFileReference; lastKnownFileType = sourcecode.swift; path = AssistantChatHistory.swift; sourceTree = "<group>"; };
		97E3CAB4A99E84BAFA945FA2 /* MobileNotifications.swift */ = {isa = PBXFileReference; lastKnownFileType = sourcecode.swift; path = MobileNotifications.swift; sourceTree = "<group>"; };
		99C468715F6ABFF27CB4041C /* AssistantConnection.swift */ = {isa = PBXFileReference; lastKnownFileType = sourcecode.swift; path = AssistantConnection.swift; sourceTree = "<group>"; };
		9A6015610A23A073B93087F9 /* AssistantMessageLinks.swift */ = {isa = PBXFileReference; lastKnownFileType = sourcecode.swift; path = AssistantMessageLinks.swift; sourceTree = "<group>"; };
		9D4E99AEE8642626D8FD9843 /* AssistantPreview.swift */ = {isa = PBXFileReference; lastKnownFileType = sourcecode.swift; path = AssistantPreview.swift; sourceTree = "<group>"; };
		9EF3E28FFA532EBF14FEAF8B /* DeviceIdentity.swift */ = {isa = PBXFileReference; lastKnownFileType = sourcecode.swift; path = DeviceIdentity.swift; sourceTree = "<group>"; };
		A01E4E35032819166F419843 /* MobileFilesPreview.swift */ = {isa = PBXFileReference; lastKnownFileType = sourcecode.swift; path = MobileFilesPreview.swift; sourceTree = "<group>"; };
		A248092D559C4CD1B15AECEC /* PairedComputer.swift */ = {isa = PBXFileReference; lastKnownFileType = sourcecode.swift; path = PairedComputer.swift; sourceTree = "<group>"; };
		A37F54FBA7123B5C6C46EEB6 /* ClawDadRemoteAssistProtocol */ = {isa = PBXFileReference; lastKnownFileType = folder; name = ClawDadRemoteAssistProtocol; path = ../../../native/ClawDadRemoteAssistProtocol; sourceTree = SOURCE_ROOT; };
		AA4FB03C06FF3E3F780BF6B2 /* RemoteAssist.swift */ = {isa = PBXFileReference; lastKnownFileType = sourcecode.swift; path = RemoteAssist.swift; sourceTree = "<group>"; };
		B8D58EFA993E7A1DF2232B2C /* RemoteImageControls.swift */ = {isa = PBXFileReference; lastKnownFileType = sourcecode.swift; path = RemoteImageControls.swift; sourceTree = "<group>"; };
		BE33916CC85A1B24B0C5A55E /* RemoteImageTransfer.swift */ = {isa = PBXFileReference; lastKnownFileType = sourcecode.swift; path = RemoteImageTransfer.swift; sourceTree = "<group>"; };
		C0D5CBF6032351E28CD2AEF5 /* RemoteAssistIconGlossary.swift */ = {isa = PBXFileReference; lastKnownFileType = sourcecode.swift; path = RemoteAssistIconGlossary.swift; sourceTree = "<group>"; };
		C0F7E6B29B4820AAB88ABF58 /* AssistantAudioDiagnostics.swift */ = {isa = PBXFileReference; lastKnownFileType = sourcecode.swift; path = AssistantAudioDiagnostics.swift; sourceTree = "<group>"; };
		C2057536FBECC2BA6153E6B9 /* ClawDadFileTransport */ = {isa = PBXFileReference; lastKnownFileType = folder; name = ClawDadFileTransport; path = ../../../native/ClawDadFileTransport; sourceTree = SOURCE_ROOT; };
		D668F2D2DA41C5EF31F820B0 /* ClawDadMobileApp.swift */ = {isa = PBXFileReference; lastKnownFileType = sourcecode.swift; path = ClawDadMobileApp.swift; sourceTree = "<group>"; };
		D70593B6087D12EBB653329D /* RemoteImagePreparation.swift */ = {isa = PBXFileReference; lastKnownFileType = sourcecode.swift; path = RemoteImagePreparation.swift; sourceTree = "<group>"; };
		D9A446032B25104E6A1BFFEB /* AssistantVoiceTurn.swift */ = {isa = PBXFileReference; lastKnownFileType = sourcecode.swift; path = AssistantVoiceTurn.swift; sourceTree = "<group>"; };
		E4B71B55085B2C1EE623A070 /* RemoteTerminalWindowGroups.swift */ = {isa = PBXFileReference; lastKnownFileType = sourcecode.swift; path = RemoteTerminalWindowGroups.swift; sourceTree = "<group>"; };
		E9F3B8E8409978BFFE0C10D1 /* MobileAssistant.swift */ = {isa = PBXFileReference; lastKnownFileType = sourcecode.swift; path = MobileAssistant.swift; sourceTree = "<group>"; };
		FD8DD24D34A3F29E43308A65 /* CloudClient.swift */ = {isa = PBXFileReference; lastKnownFileType = sourcecode.swift; path = CloudClient.swift; sourceTree = "<group>"; };
		FEF501962B4434FEAA1B97C0 /* Info.plist */ = {isa = PBXFileReference; lastKnownFileType = text.plist; path = Info.plist; sourceTree = "<group>"; };
/* End PBXFileReference section */

/* Begin PBXFrameworksBuildPhase section */
		08A761B7E9170B4FDE561438 /* Frameworks */ = {
			isa = PBXFrameworksBuildPhase;
			buildActionMask = 2147483647;
			files = (
				790F723DF6F713A6DFC6D572 /* ClawDadFileTransport in Frameworks */,
				1A308337EBE5F90AF0C5DD19 /* ClawDadRemoteAssistProtocol in Frameworks */,
				5E284EB34B785FE94456B3F2 /* WebRTC in Frameworks */,
			);
			runOnlyForDeploymentPostprocessing = 0;
		};
/* End PBXFrameworksBuildPhase section */

/* Begin PBXGroup section */
		2BE84ED19174BF1E40B33A0C /* SelectionTests */ = {
			isa = PBXGroup;
			children = (
				3C15990DDFC25B773D88B996 /* AssistantSelectionTests.swift */,
			);
			path = SelectionTests;
			sourceTree = "<group>";
		};
		5CD201AB70ED514E5AEDB6E7 = {
			isa = PBXGroup;
			children = (
				F614348C3D657A6C1D9391B5 /* Packages */,
				C0C07180C944E872FF1BC810 /* Resources */,
				2BE84ED19174BF1E40B33A0C /* SelectionTests */,
				AE5705C98D0DE97F9F0CD066 /* Sources */,
				84D32E8BDC68FB226E465DFC /* UITests */,
				CF280100405AA53DCA996ED1 /* Products */,
			);
			sourceTree = "<group>";
		};
		608F0F3ECB17C5E58327A700 /* ClawDadMobile */ = {
			isa = PBXGroup;
			children = (
				147A8BFF03CEDB70896BAB51 /* AppAttestClient.swift */,
				3286351CBEADFC96A79F1EE4 /* AssistantAudio.swift */,
				C0F7E6B29B4820AAB88ABF58 /* AssistantAudioDiagnostics.swift */,
				82CD0587ABF14D7FC118DB37 /* AssistantCaptureBoundary.swift */,
				7E1742773FEE684AF62701C4 /* AssistantCaptureRecovery.swift */,
				193E817EE91878630342FBFE /* AssistantChatComposer.swift */,
				8E624474D662739AE0389B11 /* AssistantChatDraft.swift */,
				94B4A2B3E7413BD14542E9DE /* AssistantChatHistory.swift */,
				99C468715F6ABFF27CB4041C /* AssistantConnection.swift */,
				19EE4C738B3B5065E4CF4B99 /* AssistantImageUpload.swift */,
				10F1B258EA5FA2916837629C /* AssistantListeningInput.swift */,
				9A6015610A23A073B93087F9 /* AssistantMessageLinks.swift */,
				6FF0AAFFEE2B3F518ABC947D /* AssistantMicrophoneConfirmation.swift */,
				29F575EC9D8D541AD658DF6B /* AssistantMicrophoneState.swift */,
				9D4E99AEE8642626D8FD9843 /* AssistantPreview.swift */,
				6C8B178EFE4C52CC4F261077 /* AssistantReplyAudio.swift */,
				31F8E430E715C3D274D33CFA /* AssistantSelectableText.swift */,
				658C2545BFF09ADE9DFDD902 /* AssistantVoiceTranscription.swift */,
				D9A446032B25104E6A1BFFEB /* AssistantVoiceTurn.swift */,
				D668F2D2DA41C5EF31F820B0 /* ClawDadMobileApp.swift */,
				FD8DD24D34A3F29E43308A65 /* CloudClient.swift */,
				395E23F4DD2363BA0762CE4C /* CloudModels.swift */,
				3B8CED3140E0C0FA87EA0782 /* ContentView.swift */,
				9EF3E28FFA532EBF14FEAF8B /* DeviceIdentity.swift */,
				21A33EE26BF9BD9F84918E9F /* FilesLibraryView.swift */,
				E9F3B8E8409978BFFE0C10D1 /* MobileAssistant.swift */,
				7DB814BD7925748F246B8403 /* MobileAudioSession.swift */,
				83005EBBAE60D00DFFF52D33 /* MobileFileExport.swift */,
				33B53FE2D8E9ADBA82728DA2 /* MobileFiles.swift */,
				A01E4E35032819166F419843 /* MobileFilesPreview.swift */,
				97E3CAB4A99E84BAFA945FA2 /* MobileNotifications.swift */,
				A248092D559C4CD1B15AECEC /* PairedComputer.swift */,
				930A750132AFE74E66A35E11 /* PasskeyRequests.swift */,
				26AABBF8F4DF0D8B38BF9365 /* QRScannerView.swift */,
				AA4FB03C06FF3E3F780BF6B2 /* RemoteAssist.swift */,
				C0D5CBF6032351E28CD2AEF5 /* RemoteAssistIconGlossary.swift */,
				2B3B199884AD35B9B464E268 /* RemoteControlCaption.swift */,
				35C55DF601F5D3D9ABD04556 /* RemoteDictationDraft.swift */,
				B8D58EFA993E7A1DF2232B2C /* RemoteImageControls.swift */,
				D70593B6087D12EBB653329D /* RemoteImagePreparation.swift */,
				BE33916CC85A1B24B0C5A55E /* RemoteImageTransfer.swift */,
				061444F36751011C7753FD06 /* RemoteQuickChat.swift */,
				89C609AE055F4F4C09202552 /* RemoteSpeechControls.swift */,
				7A3BE7EC4AB5DE28F2E8E4EF /* RemoteSpeechPreviewHost.swift */,
				8AD474B9C5025C1E3B07688E /* RemoteTerminalCloseIntent.swift */,
				4B67F2E9259E05DBACEB7F04 /* RemoteTerminalReader.swift */,
				1CBE9BB9E28B2AADC9243157 /* RemoteTerminalTabList.swift */,
				E4B71B55085B2C1EE623A070 /* RemoteTerminalWindowGroups.swift */,
				482370CE69CA78C83DA3EB3A /* ResearchSupervisorView.swift */,
				8960C1531C592BD814505199 /* SubscriptionManager.swift */,
				8F34770E78861322677F1C3C /* VoiceRecorder.swift */,
				088F57A9C660D2D5A01BEF9B /* VoiceSettings.swift */,
				829424EA1773E56062EF9191 /* WeeklyUsage.swift */,
			);
			path = ClawDadMobile;
			sourceTree = "<group>";
		};
		84D32E8BDC68FB226E465DFC /* UITests */ = {
			isa = PBXGroup;
			children = (
				517D29CD52F468A0EE7BA82F /* AssistantUITests.swift */,
				11E193EDE43AF5D11AADF538 /* ClawDadMobileUITests.swift */,
			);
			path = UITests;
			sourceTree = "<group>";
		};
		AE5705C98D0DE97F9F0CD066 /* Sources */ = {
			isa = PBXGroup;
			children = (
				608F0F3ECB17C5E58327A700 /* ClawDadMobile */,
			);
			path = Sources;
			sourceTree = "<group>";
		};
		C0C07180C944E872FF1BC810 /* Resources */ = {
			isa = PBXGroup;
			children = (
				471CC1C676A805963BAF2F99 /* Assets.xcassets */,
				00CEB08E4894CB9B2E7A559B /* ClawDadMobile.entitlements */,
				FEF501962B4434FEAA1B97C0 /* Info.plist */,
			);
			path = Resources;
			sourceTree = "<group>";
		};
		CF280100405AA53DCA996ED1 /* Products */ = {
			isa = PBXGroup;
			children = (
				1C8EA67C2D88980A87BDCFA9 /* ClawDadMobile.app */,
				03F34ABFFB51FC546D105D8F /* ClawDadMobileUITests.xctest */,
				5608CCFFADA408C88A836628 /* ClawDadSelectionTests.xctest */,
			);
			name = Products;
			sourceTree = "<group>";
		};
		F614348C3D657A6C1D9391B5 /* Packages */ = {
			isa = PBXGroup;
			children = (
				C2057536FBECC2BA6153E6B9 /* ClawDadFileTransport */,
				A37F54FBA7123B5C6C46EEB6 /* ClawDadRemoteAssistProtocol */,
				47DAEBD8C630AA5DA4CC104A /* WebRTCPackage */,
			);
			name = Packages;
			sourceTree = "<group>";
		};
/* End PBXGroup section */

/* Begin PBXNativeTarget section */
		2631599B7A3427F1404C855E /* ClawDadSelectionTests */ = {
			isa = PBXNativeTarget;
			buildConfigurationList = 1448C2463820A2608F24745C /* Build configuration list for PBXNativeTarget "ClawDadSelectionTests" */;
			buildPhases = (
				B44FB6E1BC916E235F147F0D /* Sources */,
			);
			buildRules = (
			);
			dependencies = (
				7EDB76CED52168CE8C2A4772 /* PBXTargetDependency */,
			);
			name = ClawDadSelectionTests;
			packageProductDependencies = (
			);
			productName = ClawDadSelectionTests;
			productReference = 5608CCFFADA408C88A836628 /* ClawDadSelectionTests.xctest */;
			productType = "com.apple.product-type.bundle.unit-test";
		};
		7AE3743224B0BDC91B2AF0C0 /* ClawDadMobileUITests */ = {
			isa = PBXNativeTarget;
			buildConfigurationList = 9E673B581185C7F488E4C0E8 /* Build configuration list for PBXNativeTarget "ClawDadMobileUITests" */;
			buildPhases = (
				9516B0C43236155E356AB697 /* Sources */,
			);
			buildRules = (
			);
			dependencies = (
				BFFD044538FBC53F347064FA /* PBXTargetDependency */,
			);
			name = ClawDadMobileUITests;
			packageProductDependencies = (
			);
			productName = ClawDadMobileUITests;
			productReference = 03F34ABFFB51FC546D105D8F /* ClawDadMobileUITests.xctest */;
			productType = "com.apple.product-type.bundle.ui-testing";
		};
		8F796CDC540022A7053C796F /* ClawDadMobile */ = {
			isa = PBXNativeTarget;
			buildConfigurationList = 770B5514C342BBC31889CC42 /* Build configuration list for PBXNativeTarget "ClawDadMobile" */;
			buildPhases = (
				6CBD4BB235586FD5919003DB /* Sources */,
				D3BBFA3858A286D18A45BC74 /* Resources */,
				08A761B7E9170B4FDE561438 /* Frameworks */,
			);
			buildRules = (
			);
			dependencies = (
			);
			name = ClawDadMobile;
			packageProductDependencies = (
				84BA80B2B0BC5779C92A402A /* ClawDadFileTransport */,
				3E041F6ED9B6E45F5F37F06A /* ClawDadRemoteAssistProtocol */,
				EC6B0B1F96EDC323DAEF47E1 /* WebRTC */,
			);
			productName = ClawDadMobile;
			productReference = 1C8EA67C2D88980A87BDCFA9 /* ClawDadMobile.app */;
			productType = "com.apple.product-type.application";
		};
/* End PBXNativeTarget section */

/* Begin PBXProject section */
		AA5BF30FF55D73FAA80DFC4F /* Project object */ = {
			isa = PBXProject;
			attributes = {
				BuildIndependentTargetsInParallel = YES;
				LastUpgradeCheck = 1430;
				TargetAttributes = {
					2631599B7A3427F1404C855E = {
						DevelopmentTeam = 4QV4WR9G32;
						ProvisioningStyle = Automatic;
					};
					7AE3743224B0BDC91B2AF0C0 = {
						DevelopmentTeam = 4QV4WR9G32;
						ProvisioningStyle = Automatic;
						TestTargetID = 8F796CDC540022A7053C796F;
					};
					8F796CDC540022A7053C796F = {
						DevelopmentTeam = 4QV4WR9G32;
						ProvisioningStyle = Automatic;
					};
				};
			};
			buildConfigurationList = 67CBC6340B018EC85D06DCDD /* Build configuration list for PBXProject "ClawDadMobile" */;
			compatibilityVersion = "Xcode 14.0";
			developmentRegion = en;
			hasScannedForEncodings = 0;
			knownRegions = (
				Base,
				en,
			);
			mainGroup = 5CD201AB70ED514E5AEDB6E7;
			minimizedProjectReferenceProxies = 1;
			packageReferences = (
				C483DA75E0BDBE871D44463E /* XCLocalSwiftPackageReference "../../../native/ClawDadFileTransport" */,
				6F3F64CE33F52AFF7DF65CD8 /* XCLocalSwiftPackageReference "../../../native/ClawDadRemoteAssistProtocol" */,
				A90206286B8A4158317FFB32 /* XCLocalSwiftPackageReference "../../../vendor/WebRTCPackage" */,
			);
			preferredProjectObjectVersion = 77;
			projectDirPath = "";
			projectRoot = "";
			targets = (
				8F796CDC540022A7053C796F /* ClawDadMobile */,
				7AE3743224B0BDC91B2AF0C0 /* ClawDadMobileUITests */,
				2631599B7A3427F1404C855E /* ClawDadSelectionTests */,
			);
		};
/* End PBXProject section */

/* Begin PBXResourcesBuildPhase section */
		D3BBFA3858A286D18A45BC74 /* Resources */ = {
			isa = PBXResourcesBuildPhase;
			buildActionMask = 2147483647;
			files = (
				275FAABA58CF0436EC6D32FB /* Assets.xcassets in Resources */,
			);
			runOnlyForDeploymentPostprocessing = 0;
		};
/* End PBXResourcesBuildPhase section */

/* Begin PBXSourcesBuildPhase section */
		6CBD4BB235586FD5919003DB /* Sources */ = {
			isa = PBXSourcesBuildPhase;
			buildActionMask = 2147483647;
			files = (
				FF0A3F9F33A94874E1F92846 /* AppAttestClient.swift in Sources */,
				DA856C77B9663DCAB80C7092 /* AssistantAudio.swift in Sources */,
				836D0BEEDB207BA0D7163DE8 /* AssistantAudioDiagnostics.swift in Sources */,
				5824DECA28893606C0602B37 /* AssistantCaptureBoundary.swift in Sources */,
				BF951FE4C7753B69F9EDFFE7 /* AssistantCaptureRecovery.swift in Sources */,
				1022DB6F1FD8E58702E505B4 /* AssistantChatComposer.swift in Sources */,
				C3944C0556BE915A23DFD01D /* AssistantChatDraft.swift in Sources */,
				4B8486AF185F753ECC9CEEAB /* AssistantChatHistory.swift in Sources */,
				7695559828A1EB5AFE19317C /* AssistantConnection.swift in Sources */,
				F7A0CB9BD53C56989F8EA24A /* AssistantImageUpload.swift in Sources */,
				92590FA64F260AD34017423B /* AssistantListeningInput.swift in Sources */,
				3031C85399B84CB186BBF471 /* AssistantMessageLinks.swift in Sources */,
				86672FB78F0A99921FF625EB /* AssistantMicrophoneConfirmation.swift in Sources */,
				A16430EEB828FE766B76BAE1 /* AssistantMicrophoneState.swift in Sources */,
				06B20F27947BBF2559A2A982 /* AssistantPreview.swift in Sources */,
				DF96F6052BD8A379003C658D /* AssistantReplyAudio.swift in Sources */,
				EA31CFC4A3254B9DD470160E /* AssistantSelectableText.swift in Sources */,
				668F2D87898C9F8E041AB83E /* AssistantVoiceTranscription.swift in Sources */,
				717EF4B47E469AB10F5D1E58 /* AssistantVoiceTurn.swift in Sources */,
				FDBB6FDF3DE4BE0AA407E4F7 /* ClawDadMobileApp.swift in Sources */,
				3CA091886654915398868F62 /* CloudClient.swift in Sources */,
				3B51519C1804A2B28C237997 /* CloudModels.swift in Sources */,
				F7211DC300102D784A05D5D1 /* ContentView.swift in Sources */,
				AB9E3EA912AF86012C19E96F /* DeviceIdentity.swift in Sources */,
				4CA1BBCCF6A50D70B8EAA6FE /* FilesLibraryView.swift in Sources */,
				C94E7212185A49D92DA02824 /* MobileAssistant.swift in Sources */,
				5236A640231EA2C1D890376C /* MobileAudioSession.swift in Sources */,
				7528DEE2F3D0A122F71E8C32 /* MobileFileExport.swift in Sources */,
				BF46A08D3F06D8FF71B9D210 /* MobileFiles.swift in Sources */,
				4DCD11D7065D315AEF5D4EEB /* MobileFilesPreview.swift in Sources */,
				2EFAB0BA46EC3D36BAF2E9A0 /* MobileNotifications.swift in Sources */,
				930C8384655B365B43D6B7D6 /* PairedComputer.swift in Sources */,
				FDF87A63AB6BE997E8422599 /* PasskeyRequests.swift in Sources */,
				8A0DDACD490ED6B80E4A30CA /* QRScannerView.swift in Sources */,
				9FAEDA464727521A0D77839C /* RemoteAssist.swift in Sources */,
				BAF5EBCEF8B664119E1F14BA /* RemoteAssistIconGlossary.swift in Sources */,
				440116216875B1F091CF1DD0 /* RemoteControlCaption.swift in Sources */,
				F07EBA06FDF3D4509727718D /* RemoteDictationDraft.swift in Sources */,
				6EF3DA15AB6D72CF82769244 /* RemoteImageControls.swift in Sources */,
				EDA340FC5A4C8FDF0090ABB0 /* RemoteImagePreparation.swift in Sources */,
				B1B8CC3DCD795B5AC6B1BC36 /* RemoteImageTransfer.swift in Sources */,
				B099B7C46FB342BFB8A80C77 /* RemoteQuickChat.swift in Sources */,
				39F7EDBB4973CC068AC0E2F3 /* RemoteSpeechControls.swift in Sources */,
				3CE919B6795B0B61BEFEA9D0 /* RemoteSpeechPreviewHost.swift in Sources */,
				798B9DC6C3FE54E4C34FF512 /* RemoteTerminalCloseIntent.swift in Sources */,
				08A2F61153C0221F74B49988 /* RemoteTerminalReader.swift in Sources */,
				4004BF2CF15494DE5009C531 /* RemoteTerminalTabList.swift in Sources */,
				187E31F4AF200A700830399F /* RemoteTerminalWindowGroups.swift in Sources */,
				12BA298BF1ED630AADFF8002 /* ResearchSupervisorView.swift in Sources */,
				4D1C0FA879A0AA478DD90B11 /* SubscriptionManager.swift in Sources */,
				7751604101BB979587499134 /* VoiceRecorder.swift in Sources */,
				A108218C025FA0193F36DE60 /* VoiceSettings.swift in Sources */,
				248200D1744AEEF21347032F /* WeeklyUsage.swift in Sources */,
			);
			runOnlyForDeploymentPostprocessing = 0;
		};
		9516B0C43236155E356AB697 /* Sources */ = {
			isa = PBXSourcesBuildPhase;
			buildActionMask = 2147483647;
			files = (
				A579349CC92C8C0E2A9E2C21 /* AssistantUITests.swift in Sources */,
				854A5AC2401B066B721E86D2 /* ClawDadMobileUITests.swift in Sources */,
			);
			runOnlyForDeploymentPostprocessing = 0;
		};
		B44FB6E1BC916E235F147F0D /* Sources */ = {
			isa = PBXSourcesBuildPhase;
			buildActionMask = 2147483647;
			files = (
				56EF99A6A81803612A197F35 /* AssistantSelectionTests.swift in Sources */,
			);
			runOnlyForDeploymentPostprocessing = 0;
		};
/* End PBXSourcesBuildPhase section */

/* Begin PBXTargetDependency section */
		7EDB76CED52168CE8C2A4772 /* PBXTargetDependency */ = {
			isa = PBXTargetDependency;
			target = 8F796CDC540022A7053C796F /* ClawDadMobile */;
			targetProxy = 77BC2534AFBD579E3828C4C7 /* PBXContainerItemProxy */;
		};
		BFFD044538FBC53F347064FA /* PBXTargetDependency */ = {
			isa = PBXTargetDependency;
			target = 8F796CDC540022A7053C796F /* ClawDadMobile */;
			targetProxy = 370D0D4A6025F4A66FA628B4 /* PBXContainerItemProxy */;
		};
/* End PBXTargetDependency section */

/* Begin XCBuildConfiguration section */
		00498B2B1F9A63CFFC1988AA /* Debug */ = {
			isa = XCBuildConfiguration;
			buildSettings = {
				ASSETCATALOG_COMPILER_APPICON_NAME = AppIcon;
				ASSETCATALOG_COMPILER_GLOBAL_ACCENT_COLOR_NAME = AccentColor;
				CLAWDAD_CLOUD_URL = "http://127.0.0.1:8787";
				CLAWDAD_FOUNDING_BETA_ACCESS = YES;
				CLAWDAD_PUSH_ENVIRONMENT = development;
				CODE_SIGN_ENTITLEMENTS = Resources/ClawDadMobile.entitlements;
				CODE_SIGN_IDENTITY = "iPhone Developer";
				INFOPLIST_FILE = Resources/Info.plist;
				IPHONEOS_DEPLOYMENT_TARGET = 18.0;
				LD_RUNPATH_SEARCH_PATHS = (
					"$(inherited)",
					"@executable_path/Frameworks",
				);
				PRODUCT_BUNDLE_IDENTIFIER = earth.frg.clawdad.ios;
				PRODUCT_NAME = ClawDad;
				SDKROOT = iphoneos;
				SUPPORTED_DEVICE_FAMILIES = 1;
				SUPPORTS_MACCATALYST = NO;
				SUPPORTS_MAC_DESIGNED_FOR_IPHONE_IPAD = NO;
				TARGETED_DEVICE_FAMILY = 1;
			};
			name = Debug;
		};
		0ABF20B360E957039F5B30B6 /* Release */ = {
			isa = XCBuildConfiguration;
			buildSettings = {
				ASSETCATALOG_COMPILER_APPICON_NAME = AppIcon;
				ASSETCATALOG_COMPILER_GLOBAL_ACCENT_COLOR_NAME = AccentColor;
				CLAWDAD_CLOUD_URL = "https://clawdad-cloud.frg.earth";
				CLAWDAD_PUSH_ENVIRONMENT = production;
				CODE_SIGN_ENTITLEMENTS = Resources/ClawDadMobile.entitlements;
				CODE_SIGN_IDENTITY = "iPhone Developer";
				INFOPLIST_FILE = Resources/Info.plist;
				IPHONEOS_DEPLOYMENT_TARGET = 18.0;
				LD_RUNPATH_SEARCH_PATHS = (
					"$(inherited)",
					"@executable_path/Frameworks",
				);
				PRODUCT_BUNDLE_IDENTIFIER = earth.frg.clawdad.ios;
				PRODUCT_NAME = ClawDad;
				SDKROOT = iphoneos;
				SUPPORTED_DEVICE_FAMILIES = 1;
				SUPPORTS_MACCATALYST = NO;
				SUPPORTS_MAC_DESIGNED_FOR_IPHONE_IPAD = NO;
				TARGETED_DEVICE_FAMILY = 1;
			};
			name = Release;
		};
		1C3AA494AD8AC4AE6DE4548B /* Debug */ = {
			isa = XCBuildConfiguration;
			buildSettings = {
				BUNDLE_LOADER = "$(TEST_HOST)";
				GENERATE_INFOPLIST_FILE = YES;
				IPHONEOS_DEPLOYMENT_TARGET = 18.0;
				LD_RUNPATH_SEARCH_PATHS = (
					"$(inherited)",
					"@executable_path/Frameworks",
					"@loader_path/Frameworks",
				);
				PRODUCT_BUNDLE_IDENTIFIER = earth.frg.clawdad.ios.selectiontests;
				SDKROOT = iphoneos;
				TARGETED_DEVICE_FAMILY = 1;
				TEST_HOST = "$(BUILT_PRODUCTS_DIR)/ClawDad.app/ClawDad";
			};
			name = Debug;
		};
		4D85B9F9D253D6E86926B529 /* Release */ = {
			isa = XCBuildConfiguration;
			buildSettings = {
				ALWAYS_SEARCH_USER_PATHS = NO;
				CLANG_ANALYZER_NONNULL = YES;
				CLANG_ANALYZER_NUMBER_OBJECT_CONVERSION = YES_AGGRESSIVE;
				CLANG_CXX_LANGUAGE_STANDARD = "gnu++14";
				CLANG_CXX_LIBRARY = "libc++";
				CLANG_ENABLE_MODULES = YES;
				CLANG_ENABLE_OBJC_ARC = YES;
				CLANG_ENABLE_OBJC_WEAK = YES;
				CLANG_WARN_BLOCK_CAPTURE_AUTORELEASING = YES;
				CLANG_WARN_BOOL_CONVERSION = YES;
				CLANG_WARN_COMMA = YES;
				CLANG_WARN_CONSTANT_CONVERSION = YES;
				CLANG_WARN_DEPRECATED_OBJC_IMPLEMENTATIONS = YES;
				CLANG_WARN_DIRECT_OBJC_ISA_USAGE = YES_ERROR;
				CLANG_WARN_DOCUMENTATION_COMMENTS = YES;
				CLANG_WARN_EMPTY_BODY = YES;
				CLANG_WARN_ENUM_CONVERSION = YES;
				CLANG_WARN_INFINITE_RECURSION = YES;
				CLANG_WARN_INT_CONVERSION = YES;
				CLANG_WARN_NON_LITERAL_NULL_CONVERSION = YES;
				CLANG_WARN_OBJC_IMPLICIT_RETAIN_SELF = YES;
				CLANG_WARN_OBJC_LITERAL_CONVERSION = YES;
				CLANG_WARN_OBJC_ROOT_CLASS = YES_ERROR;
				CLANG_WARN_QUOTED_INCLUDE_IN_FRAMEWORK_HEADER = YES;
				CLANG_WARN_RANGE_LOOP_ANALYSIS = YES;
				CLANG_WARN_STRICT_PROTOTYPES = YES;
				CLANG_WARN_SUSPICIOUS_MOVE = YES;
				CLANG_WARN_UNGUARDED_AVAILABILITY = YES_AGGRESSIVE;
				CLANG_WARN_UNREACHABLE_CODE = YES;
				CLANG_WARN__DUPLICATE_METHOD_MATCH = YES;
				CLAWDAD_FOUNDING_BETA_ACCESS = NO;
				CODE_SIGN_STYLE = Automatic;
				COPY_PHASE_STRIP = NO;
				CURRENT_PROJECT_VERSION = 77;
				DEBUG_INFORMATION_FORMAT = "dwarf-with-dsym";
				DEVELOPMENT_TEAM = 4QV4WR9G32;
				ENABLE_NS_ASSERTIONS = NO;
				ENABLE_STRICT_OBJC_MSGSEND = YES;
				GCC_C_LANGUAGE_STANDARD = gnu11;
				GCC_NO_COMMON_BLOCKS = YES;
				GCC_WARN_64_TO_32_BIT_CONVERSION = YES;
				GCC_WARN_ABOUT_RETURN_TYPE = YES_ERROR;
				GCC_WARN_UNDECLARED_SELECTOR = YES;
				GCC_WARN_UNINITIALIZED_AUTOS = YES_AGGRESSIVE;
				GCC_WARN_UNUSED_FUNCTION = YES;
				GCC_WARN_UNUSED_VARIABLE = YES;
				IPHONEOS_DEPLOYMENT_TARGET = 18.0;
				MARKETING_VERSION = 0.7.0;
				MTL_ENABLE_DEBUG_INFO = NO;
				MTL_FAST_MATH = YES;
				PRODUCT_NAME = "$(TARGET_NAME)";
				SDKROOT = iphoneos;
				SWIFT_COMPILATION_MODE = wholemodule;
				SWIFT_OPTIMIZATION_LEVEL = "-O";
				SWIFT_VERSION = 6.0;
			};
			name = Release;
		};
		519D373FCED56808206B7CC0 /* Staging */ = {
			isa = XCBuildConfiguration;
			buildSettings = {
				BUNDLE_LOADER = "$(TEST_HOST)";
				GENERATE_INFOPLIST_FILE = YES;
				IPHONEOS_DEPLOYMENT_TARGET = 18.0;
				LD_RUNPATH_SEARCH_PATHS = (
					"$(inherited)",
					"@executable_path/Frameworks",
					"@loader_path/Frameworks",
				);
				PRODUCT_BUNDLE_IDENTIFIER = earth.frg.clawdad.ios.selectiontests;
				SDKROOT = iphoneos;
				TARGETED_DEVICE_FAMILY = 1;
				TEST_HOST = "$(BUILT_PRODUCTS_DIR)/ClawDad.app/ClawDad";
			};
			name = Staging;
		};
		8C9E9C6C7694C190B24317A2 /* Debug */ = {
			isa = XCBuildConfiguration;
			buildSettings = {
				BUNDLE_LOADER = "$(TEST_HOST)";
				GENERATE_INFOPLIST_FILE = YES;
				IPHONEOS_DEPLOYMENT_TARGET = 18.0;
				LD_RUNPATH_SEARCH_PATHS = (
					"$(inherited)",
					"@executable_path/Frameworks",
					"@loader_path/Frameworks",
				);
				PRODUCT_BUNDLE_IDENTIFIER = earth.frg.clawdad.ios.uitests;
				SDKROOT = iphoneos;
				TARGETED_DEVICE_FAMILY = 1;
				TEST_TARGET_NAME = ClawDadMobile;
			};
			name = Debug;
		};
		9B669CF92E46797AD3CA198A /* Debug */ = {
			isa = XCBuildConfiguration;
			buildSettings = {
				ALWAYS_SEARCH_USER_PATHS = NO;
				CLANG_ANALYZER_NONNULL = YES;
				CLANG_ANALYZER_NUMBER_OBJECT_CONVERSION = YES_AGGRESSIVE;
				CLANG_CXX_LANGUAGE_STANDARD = "gnu++14";
				CLANG_CXX_LIBRARY = "libc++";
				CLANG_ENABLE_MODULES = YES;
				CLANG_ENABLE_OBJC_ARC = YES;
				CLANG_ENABLE_OBJC_WEAK = YES;
				CLANG_WARN_BLOCK_CAPTURE_AUTORELEASING = YES;
				CLANG_WARN_BOOL_CONVERSION = YES;
				CLANG_WARN_COMMA = YES;
				CLANG_WARN_CONSTANT_CONVERSION = YES;
				CLANG_WARN_DEPRECATED_OBJC_IMPLEMENTATIONS = YES;
				CLANG_WARN_DIRECT_OBJC_ISA_USAGE = YES_ERROR;
				CLANG_WARN_DOCUMENTATION_COMMENTS = YES;
				CLANG_WARN_EMPTY_BODY = YES;
				CLANG_WARN_ENUM_CONVERSION = YES;
				CLANG_WARN_INFINITE_RECURSION = YES;
				CLANG_WARN_INT_CONVERSION = YES;
				CLANG_WARN_NON_LITERAL_NULL_CONVERSION = YES;
				CLANG_WARN_OBJC_IMPLICIT_RETAIN_SELF = YES;
				CLANG_WARN_OBJC_LITERAL_CONVERSION = YES;
				CLANG_WARN_OBJC_ROOT_CLASS = YES_ERROR;
				CLANG_WARN_QUOTED_INCLUDE_IN_FRAMEWORK_HEADER = YES;
				CLANG_WARN_RANGE_LOOP_ANALYSIS = YES;
				CLANG_WARN_STRICT_PROTOTYPES = YES;
				CLANG_WARN_SUSPICIOUS_MOVE = YES;
				CLANG_WARN_UNGUARDED_AVAILABILITY = YES_AGGRESSIVE;
				CLANG_WARN_UNREACHABLE_CODE = YES;
				CLANG_WARN__DUPLICATE_METHOD_MATCH = YES;
				CLAWDAD_FOUNDING_BETA_ACCESS = NO;
				CODE_SIGN_STYLE = Automatic;
				COPY_PHASE_STRIP = NO;
				CURRENT_PROJECT_VERSION = 77;
				DEBUG_INFORMATION_FORMAT = dwarf;
				DEVELOPMENT_TEAM = 4QV4WR9G32;
				ENABLE_STRICT_OBJC_MSGSEND = YES;
				ENABLE_TESTABILITY = YES;
				GCC_C_LANGUAGE_STANDARD = gnu11;
				GCC_DYNAMIC_NO_PIC = NO;
				GCC_NO_COMMON_BLOCKS = YES;
				GCC_OPTIMIZATION_LEVEL = 0;
				GCC_PREPROCESSOR_DEFINITIONS = (
					"$(inherited)",
					"DEBUG=1",
				);
				GCC_WARN_64_TO_32_BIT_CONVERSION = YES;
				GCC_WARN_ABOUT_RETURN_TYPE = YES_ERROR;
				GCC_WARN_UNDECLARED_SELECTOR = YES;
				GCC_WARN_UNINITIALIZED_AUTOS = YES_AGGRESSIVE;
				GCC_WARN_UNUSED_FUNCTION = YES;
				GCC_WARN_UNUSED_VARIABLE = YES;
				IPHONEOS_DEPLOYMENT_TARGET = 18.0;
				MARKETING_VERSION = 0.7.0;
				MTL_ENABLE_DEBUG_INFO = INCLUDE_SOURCE;
				MTL_FAST_MATH = YES;
				ONLY_ACTIVE_ARCH = YES;
				PRODUCT_NAME = "$(TARGET_NAME)";
				SDKROOT = iphoneos;
				SWIFT_ACTIVE_COMPILATION_CONDITIONS = DEBUG;
				SWIFT_OPTIMIZATION_LEVEL = "-Onone";
				SWIFT_VERSION = 6.0;
			};
			name = Debug;
		};
		9D573EC3A65CA6612C044212 /* Release */ = {
			isa = XCBuildConfiguration;
			buildSettings = {
				BUNDLE_LOADER = "$(TEST_HOST)";
				GENERATE_INFOPLIST_FILE = YES;
				IPHONEOS_DEPLOYMENT_TARGET = 18.0;
				LD_RUNPATH_SEARCH_PATHS = (
					"$(inherited)",
					"@executable_path/Frameworks",
					"@loader_path/Frameworks",
				);
				PRODUCT_BUNDLE_IDENTIFIER = earth.frg.clawdad.ios.uitests;
				SDKROOT = iphoneos;
				TARGETED_DEVICE_FAMILY = 1;
				TEST_TARGET_NAME = ClawDadMobile;
			};
			name = Release;
		};
		B56325075E78E70FE1EEA4E9 /* Staging */ = {
			isa = XCBuildConfiguration;
			buildSettings = {
				ASSETCATALOG_COMPILER_APPICON_NAME = AppIcon;
				ASSETCATALOG_COMPILER_GLOBAL_ACCENT_COLOR_NAME = AccentColor;
				CLAWDAD_CLOUD_URL = "https://clawdad-cloud.frg.earth";
				CLAWDAD_PUSH_ENVIRONMENT = production;
				CODE_SIGN_ENTITLEMENTS = Resources/ClawDadMobile.entitlements;
				CODE_SIGN_IDENTITY = "iPhone Developer";
				INFOPLIST_FILE = Resources/Info.plist;
				IPHONEOS_DEPLOYMENT_TARGET = 18.0;
				LD_RUNPATH_SEARCH_PATHS = (
					"$(inherited)",
					"@executable_path/Frameworks",
				);
				PRODUCT_BUNDLE_IDENTIFIER = earth.frg.clawdad.ios;
				PRODUCT_NAME = ClawDad;
				SDKROOT = iphoneos;
				SUPPORTED_DEVICE_FAMILIES = 1;
				SUPPORTS_MACCATALYST = NO;
				SUPPORTS_MAC_DESIGNED_FOR_IPHONE_IPAD = NO;
				TARGETED_DEVICE_FAMILY = 1;
			};
			name = Staging;
		};
		CADA039ADAFB5B0D4910EAB1 /* Staging */ = {
			isa = XCBuildConfiguration;
			buildSettings = {
				ALWAYS_SEARCH_USER_PATHS = NO;
				CLANG_ANALYZER_NONNULL = YES;
				CLANG_ANALYZER_NUMBER_OBJECT_CONVERSION = YES_AGGRESSIVE;
				CLANG_CXX_LANGUAGE_STANDARD = "gnu++14";
				CLANG_CXX_LIBRARY = "libc++";
				CLANG_ENABLE_MODULES = YES;
				CLANG_ENABLE_OBJC_ARC = YES;
				CLANG_ENABLE_OBJC_WEAK = YES;
				CLANG_WARN_BLOCK_CAPTURE_AUTORELEASING = YES;
				CLANG_WARN_BOOL_CONVERSION = YES;
				CLANG_WARN_COMMA = YES;
				CLANG_WARN_CONSTANT_CONVERSION = YES;
				CLANG_WARN_DEPRECATED_OBJC_IMPLEMENTATIONS = YES;
				CLANG_WARN_DIRECT_OBJC_ISA_USAGE = YES_ERROR;
				CLANG_WARN_DOCUMENTATION_COMMENTS = YES;
				CLANG_WARN_EMPTY_BODY = YES;
				CLANG_WARN_ENUM_CONVERSION = YES;
				CLANG_WARN_INFINITE_RECURSION = YES;
				CLANG_WARN_INT_CONVERSION = YES;
				CLANG_WARN_NON_LITERAL_NULL_CONVERSION = YES;
				CLANG_WARN_OBJC_IMPLICIT_RETAIN_SELF = YES;
				CLANG_WARN_OBJC_LITERAL_CONVERSION = YES;
				CLANG_WARN_OBJC_ROOT_CLASS = YES_ERROR;
				CLANG_WARN_QUOTED_INCLUDE_IN_FRAMEWORK_HEADER = YES;
				CLANG_WARN_RANGE_LOOP_ANALYSIS = YES;
				CLANG_WARN_STRICT_PROTOTYPES = YES;
				CLANG_WARN_SUSPICIOUS_MOVE = YES;
				CLANG_WARN_UNGUARDED_AVAILABILITY = YES_AGGRESSIVE;
				CLANG_WARN_UNREACHABLE_CODE = YES;
				CLANG_WARN__DUPLICATE_METHOD_MATCH = YES;
				CLAWDAD_FOUNDING_BETA_ACCESS = NO;
				CODE_SIGN_STYLE = Automatic;
				COPY_PHASE_STRIP = NO;
				CURRENT_PROJECT_VERSION = 77;
				DEBUG_INFORMATION_FORMAT = "dwarf-with-dsym";
				DEVELOPMENT_TEAM = 4QV4WR9G32;
				ENABLE_NS_ASSERTIONS = NO;
				ENABLE_STRICT_OBJC_MSGSEND = YES;
				GCC_C_LANGUAGE_STANDARD = gnu11;
				GCC_NO_COMMON_BLOCKS = YES;
				GCC_WARN_64_TO_32_BIT_CONVERSION = YES;
				GCC_WARN_ABOUT_RETURN_TYPE = YES_ERROR;
				GCC_WARN_UNDECLARED_SELECTOR = YES;
				GCC_WARN_UNINITIALIZED_AUTOS = YES_AGGRESSIVE;
				GCC_WARN_UNUSED_FUNCTION = YES;
				GCC_WARN_UNUSED_VARIABLE = YES;
				IPHONEOS_DEPLOYMENT_TARGET = 18.0;
				MARKETING_VERSION = 0.7.0;
				MTL_ENABLE_DEBUG_INFO = NO;
				MTL_FAST_MATH = YES;
				PRODUCT_NAME = "$(TARGET_NAME)";
				SDKROOT = iphoneos;
				SWIFT_COMPILATION_MODE = wholemodule;
				SWIFT_OPTIMIZATION_LEVEL = "-O";
				SWIFT_VERSION = 6.0;
			};
			name = Staging;
		};
		DAFFFE8BA811451179EFBBE6 /* Staging */ = {
			isa = XCBuildConfiguration;
			buildSettings = {
				BUNDLE_LOADER = "$(TEST_HOST)";
				GENERATE_INFOPLIST_FILE = YES;
				IPHONEOS_DEPLOYMENT_TARGET = 18.0;
				LD_RUNPATH_SEARCH_PATHS = (
					"$(inherited)",
					"@executable_path/Frameworks",
					"@loader_path/Frameworks",
				);
				PRODUCT_BUNDLE_IDENTIFIER = earth.frg.clawdad.ios.uitests;
				SDKROOT = iphoneos;
				TARGETED_DEVICE_FAMILY = 1;
				TEST_TARGET_NAME = ClawDadMobile;
			};
			name = Staging;
		};
		F6C1E4FADB0FA670BA26C76B /* Release */ = {
			isa = XCBuildConfiguration;
			buildSettings = {
				BUNDLE_LOADER = "$(TEST_HOST)";
				GENERATE_INFOPLIST_FILE = YES;
				IPHONEOS_DEPLOYMENT_TARGET = 18.0;
				LD_RUNPATH_SEARCH_PATHS = (
					"$(inherited)",
					"@executable_path/Frameworks",
					"@loader_path/Frameworks",
				);
				PRODUCT_BUNDLE_IDENTIFIER = earth.frg.clawdad.ios.selectiontests;
				SDKROOT = iphoneos;
				TARGETED_DEVICE_FAMILY = 1;
				TEST_HOST = "$(BUILT_PRODUCTS_DIR)/ClawDad.app/ClawDad";
			};
			name = Release;
		};
/* End XCBuildConfiguration section */

/* Begin XCConfigurationList section */
		1448C2463820A2608F24745C /* Build configuration list for PBXNativeTarget "ClawDadSelectionTests" */ = {
			isa = XCConfigurationList;
			buildConfigurations = (
				1C3AA494AD8AC4AE6DE4548B /* Debug */,
				F6C1E4FADB0FA670BA26C76B /* Release */,
				519D373FCED56808206B7CC0 /* Staging */,
			);
			defaultConfigurationIsVisible = 0;
			defaultConfigurationName = Debug;
		};
		67CBC6340B018EC85D06DCDD /* Build configuration list for PBXProject "ClawDadMobile" */ = {
			isa = XCConfigurationList;
			buildConfigurations = (
				9B669CF92E46797AD3CA198A /* Debug */,
				4D85B9F9D253D6E86926B529 /* Release */,
				CADA039ADAFB5B0D4910EAB1 /* Staging */,
			);
			defaultConfigurationIsVisible = 0;
			defaultConfigurationName = Debug;
		};
		770B5514C342BBC31889CC42 /* Build configuration list for PBXNativeTarget "ClawDadMobile" */ = {
			isa = XCConfigurationList;
			buildConfigurations = (
				00498B2B1F9A63CFFC1988AA /* Debug */,
				0ABF20B360E957039F5B30B6 /* Release */,
				B56325075E78E70FE1EEA4E9 /* Staging */,
			);
			defaultConfigurationIsVisible = 0;
			defaultConfigurationName = Debug;
		};
		9E673B581185C7F488E4C0E8 /* Build configuration list for PBXNativeTarget "ClawDadMobileUITests" */ = {
			isa = XCConfigurationList;
			buildConfigurations = (
				8C9E9C6C7694C190B24317A2 /* Debug */,
				9D573EC3A65CA6612C044212 /* Release */,
				DAFFFE8BA811451179EFBBE6 /* Staging */,
			);
			defaultConfigurationIsVisible = 0;
			defaultConfigurationName = Debug;
		};
/* End XCConfigurationList section */

/* Begin XCLocalSwiftPackageReference section */
		6F3F64CE33F52AFF7DF65CD8 /* XCLocalSwiftPackageReference "../../../native/ClawDadRemoteAssistProtocol" */ = {
			isa = XCLocalSwiftPackageReference;
			relativePath = ../../../native/ClawDadRemoteAssistProtocol;
		};
		A90206286B8A4158317FFB32 /* XCLocalSwiftPackageReference "../../../vendor/WebRTCPackage" */ = {
			isa = XCLocalSwiftPackageReference;
			relativePath = ../../../vendor/WebRTCPackage;
		};
		C483DA75E0BDBE871D44463E /* XCLocalSwiftPackageReference "../../../native/ClawDadFileTransport" */ = {
			isa = XCLocalSwiftPackageReference;
			relativePath = ../../../native/ClawDadFileTransport;
		};
/* End XCLocalSwiftPackageReference section */

/* Begin XCSwiftPackageProductDependency section */
		3E041F6ED9B6E45F5F37F06A /* ClawDadRemoteAssistProtocol */ = {
			isa = XCSwiftPackageProductDependency;
			productName = ClawDadRemoteAssistProtocol;
		};
		84BA80B2B0BC5779C92A402A /* ClawDadFileTransport */ = {
			isa = XCSwiftPackageProductDependency;
			productName = ClawDadFileTransport;
		};
		EC6B0B1F96EDC323DAEF47E1 /* WebRTC */ = {
			isa = XCSwiftPackageProductDependency;
			productName = WebRTC;
		};
/* End XCSwiftPackageProductDependency section */
	};
	rootObject = AA5BF30FF55D73FAA80DFC4F /* Project object */;
}
